
Microsoft Visual Studio Solution File, Format Version 12.00
# Visual Studio Version 17
VisualStudioVersion = 17.1.32407.343
MinimumVisualStudioVersion = 10.0.40219.1
Project("{9A19103F-16F7-4668-BE54-9A1E7A4F7556}") = "JoggingApp", "JoggingApp\JoggingApp.csproj", "{C8F072BB-4AEC-4A0E-8CE9-84C96AC90897}"
EndProject
Project("{9A19103F-16F7-4668-BE54-9A1E7A4F7556}") = "JoggingApp.Core", "JoggingApp.Core\JoggingApp.Core.csproj", "{21769E5B-4EAE-49B3-A150-4BE1D16B2E72}"
EndProject
Project("{9A19103F-16F7-4668-BE54-9A1E7A4F7556}") = "JoggingApp.EntityFramework", "JoggingApp.EntityFramework\JoggingApp.EntityFramework.csproj", "{98652372-EC75-4678-9103-CA5DBB2002D0}"
EndProject
Project("{9A19103F-16F7-4668-BE54-9A1E7A4F7556}") = "JoggingApp.Tests", "JoggingApp.Tests\JoggingApp.Tests.csproj", "{34267A2A-88BC-40C4-ACD8-ECA17F1540AF}"
EndProject
Project("{9A19103F-16F7-4668-BE54-9A1E7A4F7556}") = "JoggingApp.OutboxPublishingAgent", "JoggingApp.OutboxPublishingAgent\JoggingApp.OutboxPublishingAgent.csproj", "{ADDCAF14-BDC3-47FE-9354-B5D69D18609F}"
EndProject
Project("{2150E333-8FDC-42A3-9474-1A3956D46DE8}") = "BuildingBlocks", "BuildingBlocks", "{EDD58F35-E96D-4C5E-B25C-29F7E01357B8}"
EndProject
Project("{9A19103F-16F7-4668-BE54-9A1E7A4F7556}") = "EventBus", "EventBus\EventBus.csproj", "{9C6C0816-71CA-44CA-A79F-B1F25148F80A}"
EndProject
Project("{9A19103F-16F7-4668-BE54-9A1E7A4F7556}") = "EventBus.RabbitMQ", "EventBus.RabbitMQ\EventBus.RabbitMQ.csproj", "{20C4F784-6B96-4333-81E5-979F50403A27}"
EndProject
Project("{FAE04EC0-301F-11D3-BF4B-00C04F79EFBC}") = "JoggingApp.EmailService", "JoggingApp.EmailService\JoggingApp.EmailService.csproj", "{4B413D10-4F58-4580-8075-F9C4A375DAF9}"
EndProject
Global
	GlobalSection(SolutionConfigurationPlatforms) = preSolution
		Debug|Any CPU = Debug|Any CPU
		Release|Any CPU = Release|Any CPU
	EndGlobalSection
	GlobalSection(ProjectConfigurationPlatforms) = postSolution
		{C8F072BB-4AEC-4A0E-8CE9-84C96AC90897}.Debug|Any CPU.ActiveCfg = Debug|Any CPU
		{C8F072BB-4AEC-4A0E-8CE9-84C96AC90897}.Debug|Any CPU.Build.0 = Debug|Any CPU
		{C8F072BB-4AEC-4A0E-8CE9-84C96AC90897}.Release|Any CPU.ActiveCfg = Release|Any CPU
		{C8F072BB-4AEC-4A0E-8CE9-84C96AC90897}.Release|Any CPU.Build.0 = Release|Any CPU
		{21769E5B-4EAE-49B3-A150-4BE1D16B2E72}.Debug|Any CPU.ActiveCfg = Debug|Any CPU
		{21769E5B-4EAE-49B3-A150-4BE1D16B2E72}.Debug|Any CPU.Build.0 = Debug|Any CPU
		{21769E5B-4EAE-49B3-A150-4BE1D16B2E72}.Release|Any CPU.ActiveCfg = Release|Any CPU
		{21769E5B-4EAE-49B3-A150-4BE1D16B2E72}.Release|Any CPU.Build.0 = Release|Any CPU
		{98652372-EC75-4678-9103-CA5DBB2002D0}.Debug|Any CPU.ActiveCfg = Debug|Any CPU
		{98652372-EC75-4678-9103-CA5DBB2002D0}.Debug|Any CPU.Build.0 = Debug|Any CPU
		{98652372-EC75-4678-9103-CA5DBB2002D0}.Release|Any CPU.ActiveCfg = Release|Any CPU
		{98652372-EC75-4678-9103-CA5DBB2002D0}.Release|Any CPU.Build.0 = Release|Any CPU
		{34267A2A-88BC-40C4-ACD8-ECA17F1540AF}.Debug|Any CPU.ActiveCfg = Debug|Any CPU
		{34267A2A-88BC-40C4-ACD8-ECA17F1540AF}.Debug|Any CPU.Build.0 = Debug|Any CPU
		{34267A2A-88BC-40C4-ACD8-ECA17F1540AF}.Release|Any CPU.ActiveCfg = Release|Any CPU
		{34267A2A-88BC-40C4-ACD8-ECA17F1540AF}.Release|Any CPU.Build.0 = Release|Any CPU
		{ADDCAF14-BDC3-47FE-9354-B5D69D18609F}.Debug|Any CPU.ActiveCfg = Debug|Any CPU
		{ADDCAF14-BDC3-47FE-9354-B5D69D18609F}.Debug|Any CPU.Build.0 = Debug|Any CPU
		{ADDCAF14-BDC3-47FE-9354-B5D69D18609F}.Release|Any CPU.ActiveCfg = Release|Any CPU
		{ADDCAF14-BDC3-47FE-9354-B5D69D18609F}.Release|Any CPU.Build.0 = Release|Any CPU
		{9C6C0816-71CA-44CA-A79F-B1F25148F80A}.Debug|Any CPU.ActiveCfg = Debug|Any CPU
		{9C6C0816-71CA-44CA-A79F-B1F25148F80A}.Debug|Any CPU.Build.0 = Debug|Any CPU
		{9C6C0816-71CA-44CA-A79F-B1F25148F80A}.Release|Any CPU.ActiveCfg = Release|Any CPU
		{9C6C0816-71CA-44CA-A79F-B1F25148F80A}.Release|Any CPU.Build.0 = Release|Any CPU
		{20C4F784-6B96-4333-81E5-979F50403A27}.Debug|Any CPU.ActiveCfg = Debug|Any CPU
		{20C4F784-6B96-4333-81E5-979F50403A27}.Debug|Any CPU.Build.0 = Debug|Any CPU
		{20C4F784-6B96-4333-81E5-979F50403A27}.Release|Any CPU.ActiveCfg = Release|Any CPU
		{20C4F784-6B96-4333-81E5-979F50403A27}.Release|Any CPU.Build.0 = Release|Any CPU
		{4B413D10-4F58-4580-8075-F9C4A375DAF9}.Debug|Any CPU.ActiveCfg = Debug|Any CPU
		{4B413D10-4F58-4580-8075-F9C4A375DAF9}.Debug|Any CPU.Build.0 = Debug|Any CPU
		{4B413D10-4F58-4580-8075-F9C4A375DAF9}.Release|Any CPU.ActiveCfg = Release|Any CPU
		{4B413D10-4F58-4580-8075-F9C4A375DAF9}.Release|Any CPU.Build.0 = Release|Any CPU
	EndGlobalSection
	GlobalSection(SolutionProperties) = preSolution
		HideSolutionNode = FALSE
	EndGlobalSection
	GlobalSection(NestedProjects) = preSolution
		{9C6C0816-71CA-44CA-A79F-B1F25148F80A} = {EDD58F35-E96D-4C5E-B25C-29F7E01357B8}
		{20C4F784-6B96-4333-81E5-979F50403A27} = {EDD58F35-E96D-4C5E-B25C-29F7E01357B8}
	EndGlobalSection
	GlobalSection(ExtensibilityGlobals) = postSolution
		SolutionGuid = {16F71E13-2DBD-4335-97AC-62BBAFC5730C}
	EndGlobalSection
EndGlobal
